
Microsoft Visual Studio Solution File, Format Version 12.00
# Visual Studio Version 17
VisualStudioVersion = 17.10.35122.118
MinimumVisualStudioVersion = 10.0.40219.1
Project("{FAE04EC0-301F-11D3-BF4B-00C04F79EFBC}") = "Datos", "DATOS\Datos.csproj", "{9D28B566-7D2E-4AB5-A2A2-4006B6574855}"
EndProject
Project("{FAE04EC0-301F-11D3-BF4B-00C04F79EFBC}") = "Negocio", "Negocio\Negocio.csproj", "{03103DCF-9146-4348-A32D-608944F330C4}"
EndProject
Project("{FAE04EC0-301F-11D3-BF4B-00C04F79EFBC}") = "Entidades", "Entidades\Entidades.csproj", "{8C83D2CA-B218-427A-A70B-C54091167068}"
EndProject
Project("{2150E333-8FDC-42A3-9474-1A3956D46DE8}") = "Elementos de la solución", "Elementos de la solución", "{06AB26E5-2739-4590-B5CB-FAB73F11FFCE}"
	ProjectSection(SolutionItems) = preProject
		.gitignore = .gitignore
	EndProjectSection
EndProject
Project("{FAE04EC0-301F-11D3-BF4B-00C04F79EFBC}") = "Vistas", "Vistas\Vistas.csproj", "{3449A266-F33D-47DC-AE03-8C9CDC39A9EA}"
EndProject
Global
	GlobalSection(SolutionConfigurationPlatforms) = preSolution
		Debug|Any CPU = Debug|Any CPU
		Release|Any CPU = Release|Any CPU
	EndGlobalSection
	GlobalSection(ProjectConfigurationPlatforms) = postSolution
		{9D28B566-7D2E-4AB5-A2A2-4006B6574855}.Debug|Any CPU.ActiveCfg = Debug|Any CPU
		{9D28B566-7D2E-4AB5-A2A2-4006B6574855}.Debug|Any CPU.Build.0 = Debug|Any CPU
		{9D28B566-7D2E-4AB5-A2A2-4006B6574855}.Release|Any CPU.ActiveCfg = Release|Any CPU
		{9D28B566-7D2E-4AB5-A2A2-4006B6574855}.Release|Any CPU.Build.0 = Release|Any CPU
		{03103DCF-9146-4348-A32D-608944F330C4}.Debug|Any CPU.ActiveCfg = Debug|Any CPU
		{03103DCF-9146-4348-A32D-608944F330C4}.Debug|Any CPU.Build.0 = Debug|Any CPU
		{03103DCF-9146-4348-A32D-608944F330C4}.Release|Any CPU.ActiveCfg = Release|Any CPU
		{03103DCF-9146-4348-A32D-608944F330C4}.Release|Any CPU.Build.0 = Release|Any CPU
		{8C83D2CA-B218-427A-A70B-C54091167068}.Debug|Any CPU.ActiveCfg = Debug|Any CPU
		{8C83D2CA-B218-427A-A70B-C54091167068}.Debug|Any CPU.Build.0 = Debug|Any CPU
		{8C83D2CA-B218-427A-A70B-C54091167068}.Release|Any CPU.ActiveCfg = Release|Any CPU
		{8C83D2CA-B218-427A-A70B-C54091167068}.Release|Any CPU.Build.0 = Release|Any CPU
		{3449A266-F33D-47DC-AE03-8C9CDC39A9EA}.Debug|Any CPU.ActiveCfg = Debug|Any CPU
		{3449A266-F33D-47DC-AE03-8C9CDC39A9EA}.Debug|Any CPU.Build.0 = Debug|Any CPU
		{3449A266-F33D-47DC-AE03-8C9CDC39A9EA}.Release|Any CPU.ActiveCfg = Release|Any CPU
		{3449A266-F33D-47DC-AE03-8C9CDC39A9EA}.Release|Any CPU.Build.0 = Release|Any CPU
	EndGlobalSection
	GlobalSection(SolutionProperties) = preSolution
		HideSolutionNode = FALSE
	EndGlobalSection
	GlobalSection(ExtensibilityGlobals) = postSolution
		SolutionGuid = {4F0BF326-3459-4CE8-B3AC-4B32BCA56353}
	EndGlobalSection
EndGlobal
